
Microsoft Visual Studio Solution File, Format Version 12.00
# Visual Studio Version 17
VisualStudioVersion = 17.5.002.0
MinimumVisualStudioVersion = 10.0.40219.1
Project("{9A19103F-16F7-4668-BE54-9A1E7A4F7556}") = "RideX", "RideX\RideX.csproj", "{6C0DC3FF-D560-4C03-A385-9F7EE7B344BD}"
EndProject
Global
	GlobalSection(SolutionConfigurationPlatforms) = preSolution
		Debug|Any CPU = Debug|Any CPU
		Release|Any CPU = Release|Any CPU
	EndGlobalSection
	GlobalSection(ProjectConfigurationPlatforms) = postSolution
		{6C0DC3FF-D560-4C03-A385-9F7EE7B344BD}.Debug|Any CPU.ActiveCfg = Debug|Any CPU
		{6C0DC3FF-D560-4C03-A385-9F7EE7B344BD}.Debug|Any CPU.Build.0 = Debug|Any CPU
		{6C0DC3FF-D560-4C03-A385-9F7EE7B344BD}.Release|Any CPU.ActiveCfg = Release|Any CPU
		{6C0DC3FF-D560-4C03-A385-9F7EE7B344BD}.Release|Any CPU.Build.0 = Release|Any CPU
	EndGlobalSection
	GlobalSection(SolutionProperties) = preSolution
		HideSolutionNode = FALSE
	EndGlobalSection
	GlobalSection(ExtensibilityGlobals) = postSolution
		SolutionGuid = {0BFAC76E-96A8-48F8-A63F-E0A9E0BEE24E}
	EndGlobalSection
EndGlobal
